// !$*UTF8*$!
{
	archiveVersion = 1;
	classes = {
	};
	objectVersion = 56;
	objects = {

/* Begin PBXBuildFile section */
		B114A24629F8731000CD7E47 /* LoginView.swift in Sources */ = {isa = PBXBuildFile; fileRef = B114A24529F8731000CD7E47 /* LoginView.swift */; };
		B114A24B29F8830C00CD7E47 /* PersonalCocktailListView.swift in Sources */ = {isa = PBXBuildFile; fileRef = B114A24A29F8830C00CD7E47 /* PersonalCocktailListView.swift */; };
		B114A24F29F8883500CD7E47 /* PersonalDetailView.swift in Sources */ = {isa = PBXBuildFile; fileRef = B114A24E29F8883500CD7E47 /* PersonalDetailView.swift */; };
		B116D47129F8565B00F1CF22 /* PopularCocktailViewModel.swift in Sources */ = {isa = PBXBuildFile; fileRef = B116D47029F8565B00F1CF22 /* PopularCocktailViewModel.swift */; };
		B116D47729F86DE400F1CF22 /* PersonalCocktail.swift in Sources */ = {isa = PBXBuildFile; fileRef = B116D47629F86DE400F1CF22 /* PersonalCocktail.swift */; };
		B116D47B29F86FEC00F1CF22 /* GoogleService-Info.plist in Resources */ = {isa = PBXBuildFile; fileRef = B116D47A29F86FEC00F1CF22 /* GoogleService-Info.plist */; };
		B116D47E29F8706D00F1CF22 /* FirebaseAuth in Frameworks */ = {isa = PBXBuildFile; productRef = B116D47D29F8706D00F1CF22 /* FirebaseAuth */; };
		B116D48029F8706D00F1CF22 /* FirebaseFirestore in Frameworks */ = {isa = PBXBuildFile; productRef = B116D47F29F8706D00F1CF22 /* FirebaseFirestore */; };
		B116D48229F8706D00F1CF22 /* FirebaseFirestoreSwift in Frameworks */ = {isa = PBXBuildFile; productRef = B116D48129F8706D00F1CF22 /* FirebaseFirestoreSwift */; };
		B116D48429F8706D00F1CF22 /* FirebaseStorage in Frameworks */ = {isa = PBXBuildFile; productRef = B116D48329F8706D00F1CF22 /* FirebaseStorage */; };
		B11C416329F88D24007BE73B /* PersonalCocktailViewModel.swift in Sources */ = {isa = PBXBuildFile; fileRef = B11C416229F88D23007BE73B /* PersonalCocktailViewModel.swift */; };
		B11C416529F898C5007BE73B /* PopularDetailView.swift in Sources */ = {isa = PBXBuildFile; fileRef = B11C416429F898C5007BE73B /* PopularDetailView.swift */; };
		B161B0C829FAD70C0048855A /* AgeView.swift in Sources */ = {isa = PBXBuildFile; fileRef = B161B0C729FAD70C0048855A /* AgeView.swift */; };
		B1BC098E29F9A9C70043B1C9 /* Cocktail.swift in Sources */ = {isa = PBXBuildFile; fileRef = B1BC098D29F9A9C70043B1C9 /* Cocktail.swift */; };
		B1C4EA1D29F59C76003995A4 /* CocktailApp.swift in Sources */ = {isa = PBXBuildFile; fileRef = B1C4EA1C29F59C76003995A4 /* CocktailApp.swift */; };
		B1C4EA1F29F59C76003995A4 /* PopularCocktailListView.swift in Sources */ = {isa = PBXBuildFile; fileRef = B1C4EA1E29F59C76003995A4 /* PopularCocktailListView.swift */; };
		B1C4EA2129F59C78003995A4 /* Assets.xcassets in Resources */ = {isa = PBXBuildFile; fileRef = B1C4EA2029F59C78003995A4 /* Assets.xcassets */; };
		B1C4EA2429F59C78003995A4 /* Preview Assets.xcassets in Resources */ = {isa = PBXBuildFile; fileRef = B1C4EA2329F59C78003995A4 /* Preview Assets.xcassets */; };
		B1DA8E5F29FAEC8E007D0CD0 /* UnderageView.swift in Sources */ = {isa = PBXBuildFile; fileRef = B1DA8E5E29FAEC8E007D0CD0 /* UnderageView.swift */; };
		B1DA8E6129FB17B7007D0CD0 /* Photo.swift in Sources */ = {isa = PBXBuildFile; fileRef = B1DA8E6029FB17B7007D0CD0 /* Photo.swift */; };
		B1FADB9C29FB5ED9007FE2F3 /* PhotoScrollView.swift in Sources */ = {isa = PBXBuildFile; fileRef = B1FADB9B29FB5ED9007FE2F3 /* PhotoScrollView.swift */; };
		B1FADB9E29FB5F10007FE2F3 /* PhotoView.swift in Sources */ = {isa = PBXBuildFile; fileRef = B1FADB9D29FB5F10007FE2F3 /* PhotoView.swift */; };
/* End PBXBuildFile section */

/* Begin PBXFileReference section */
		B114A24529F8731000CD7E47 /* LoginView.swift */ = {isa = PBXFileReference; lastKnownFileType = sourcecode.swift; path = LoginView.swift; sourceTree = "<group>"; };
		B114A24A29F8830C00CD7E47 /* PersonalCocktailListView.swift */ = {isa = PBXFileReference; lastKnownFileType = sourcecode.swift; path = PersonalCocktailListView.swift; sourceTree = "<group>"; };
		B114A24E29F8883500CD7E47 /* PersonalDetailView.swift */ = {isa = PBXFileReference; lastKnownFileType = sourcecode.swift; path = PersonalDetailView.swift; sourceTree = "<group>"; };
		B116D47029F8565B00F1CF22 /* PopularCocktailViewModel.swift */ = {isa = PBXFileReference; lastKnownFileType = sourcecode.swift; path = PopularCocktailViewModel.swift; sourceTree = "<group>"; };
		B116D47629F86DE400F1CF22 /* PersonalCocktail.swift */ = {isa = PBXFileReference; lastKnownFileType = sourcecode.swift; path = PersonalCocktail.swift; sourceTree = "<group>"; };
		B116D47A29F86FEC00F1CF22 /* GoogleService-Info.plist */ = {isa = PBXFileReference; fileEncoding = 4; lastKnownFileType = text.plist.xml; path = "GoogleService-Info.plist"; sourceTree = "<group>"; };
		B11C416229F88D23007BE73B /* PersonalCocktailViewModel.swift */ = {isa = PBXFileReference; lastKnownFileType = sourcecode.swift; path = PersonalCocktailViewModel.swift; sourceTree = "<group>"; };
		B11C416429F898C5007BE73B /* PopularDetailView.swift */ = {isa = PBXFileReference; lastKnownFileType = sourcecode.swift; path = PopularDetailView.swift; sourceTree = "<group>"; };
		B161B0C729FAD70C0048855A /* AgeView.swift */ = {isa = PBXFileReference; lastKnownFileType = sourcecode.swift; path = AgeView.swift; sourceTree = "<group>"; };
		B1BC098D29F9A9C70043B1C9 /* Cocktail.swift */ = {isa = PBXFileReference; lastKnownFileType = sourcecode.swift; path = Cocktail.swift; sourceTree = "<group>"; };
		B1C4EA1929F59C76003995A4 /* PersonalApp.app */ = {isa = PBXFileReference; explicitFileType = wrapper.application; includeInIndex = 0; path = PersonalApp.app; sourceTree = BUILT_PRODUCTS_DIR; };
		B1C4EA1C29F59C76003995A4 /* CocktailApp.swift */ = {isa = PBXFileReference; lastKnownFileType = sourcecode.swift; path = CocktailApp.swift; sourceTree = "<group>"; };
		B1C4EA1E29F59C76003995A4 /* PopularCocktailListView.swift */ = {isa = PBXFileReference; lastKnownFileType = sourcecode.swift; path = PopularCocktailListView.swift; sourceTree = "<group>"; };
		B1C4EA2029F59C78003995A4 /* Assets.xcassets */ = {isa = PBXFileReference; lastKnownFileType = folder.assetcatalog; path = Assets.xcassets; sourceTree = "<group>"; };
		B1C4EA2329F59C78003995A4 /* Preview Assets.xcassets */ = {isa = PBXFileReference; lastKnownFileType = folder.assetcatalog; path = "Preview Assets.xcassets"; sourceTree = "<group>"; };
		B1DA8E5E29FAEC8E007D0CD0 /* UnderageView.swift */ = {isa = PBXFileReference; lastKnownFileType = sourcecode.swift; path = UnderageView.swift; sourceTree = "<group>"; };
		B1DA8E6029FB17B7007D0CD0 /* Photo.swift */ = {isa = PBXFileReference; lastKnownFileType = sourcecode.swift; path = Photo.swift; sourceTree = "<group>"; };
		B1FADB9B29FB5ED9007FE2F3 /* PhotoScrollView.swift */ = {isa = PBXFileReference; lastKnownFileType = sourcecode.swift; path = PhotoScrollView.swift; sourceTree = "<group>"; };
		B1FADB9D29FB5F10007FE2F3 /* PhotoView.swift */ = {isa = PBXFileReference; lastKnownFileType = sourcecode.swift; path = PhotoView.swift; sourceTree = "<group>"; };
/* End PBXFileReference section */

/* Begin PBXFrameworksBuildPhase section */
		B1C4EA1629F59C76003995A4 /* Frameworks */ = {
			isa = PBXFrameworksBuildPhase;
			buildActionMask = 2147483647;
			files = (
				B116D47E29F8706D00F1CF22 /* FirebaseAuth in Frameworks */,
				B116D48429F8706D00F1CF22 /* FirebaseStorage in Frameworks */,
				B116D48029F8706D00F1CF22 /* FirebaseFirestore in Frameworks */,
				B116D48229F8706D00F1CF22 /* FirebaseFirestoreSwift in Frameworks */,
			);
			runOnlyForDeploymentPostprocessing = 0;
		};
/* End PBXFrameworksBuildPhase section */

/* Begin PBXGroup section */
		B114A24729F8829D00CD7E47 /* Views */ = {
			isa = PBXGroup;
			children = (
				B114A24529F8731000CD7E47 /* LoginView.swift */,
				B161B0C729FAD70C0048855A /* AgeView.swift */,
				B1DA8E5E29FAEC8E007D0CD0 /* UnderageView.swift */,
			);
			path = Views;
			sourceTree = "<group>";
		};
		B114A24929F882CD00CD7E47 /* Models */ = {
			isa = PBXGroup;
			children = (
				B116D47629F86DE400F1CF22 /* PersonalCocktail.swift */,
				B1BC098D29F9A9C70043B1C9 /* Cocktail.swift */,
				B1DA8E6029FB17B7007D0CD0 /* Photo.swift */,
			);
			path = Models;
			sourceTree = "<group>";
		};
		B1C4EA1029F59C76003995A4 = {
			isa = PBXGroup;
			children = (
				B1C4EA1B29F59C76003995A4 /* PersonalApp */,
				B1C4EA1A29F59C76003995A4 /* Products */,
			);
			sourceTree = "<group>";
		};
		B1C4EA1A29F59C76003995A4 /* Products */ = {
			isa = PBXGroup;
			children = (
				B1C4EA1929F59C76003995A4 /* PersonalApp.app */,
			);
			name = Products;
			sourceTree = "<group>";
		};
		B1C4EA1B29F59C76003995A4 /* PersonalApp */ = {
			isa = PBXGroup;
			children = (
				B1C4EA1C29F59C76003995A4 /* CocktailApp.swift */,
				B114A24929F882CD00CD7E47 /* Models */,
				B1FADB9F29FC3A45007FE2F3 /* Personal Cocktail */,
				B1FADBA029FC3A7B007FE2F3 /* Popular Cocktail */,
				B114A24729F8829D00CD7E47 /* Views */,
				B1C4EA2029F59C78003995A4 /* Assets.xcassets */,
				B116D47A29F86FEC00F1CF22 /* GoogleService-Info.plist */,
				B1C4EA2229F59C78003995A4 /* Preview Content */,
			);
			path = PersonalApp;
			sourceTree = "<group>";
		};
		B1C4EA2229F59C78003995A4 /* Preview Content */ = {
			isa = PBXGroup;
			children = (
				B1C4EA2329F59C78003995A4 /* Preview Assets.xcassets */,
			);
			path = "Preview Content";
			sourceTree = "<group>";
		};
		B1FADB9F29FC3A45007FE2F3 /* Personal Cocktail */ = {
			isa = PBXGroup;
			children = (
				B11C416229F88D23007BE73B /* PersonalCocktailViewModel.swift */,
				B114A24A29F8830C00CD7E47 /* PersonalCocktailListView.swift */,
				B114A24E29F8883500CD7E47 /* PersonalDetailView.swift */,
				B1FADB9B29FB5ED9007FE2F3 /* PhotoScrollView.swift */,
				B1FADB9D29FB5F10007FE2F3 /* PhotoView.swift */,
			);
			path = "Personal Cocktail";
			sourceTree = "<group>";
		};
		B1FADBA029FC3A7B007FE2F3 /* Popular Cocktail */ = {
			isa = PBXGroup;
			children = (
				B116D47029F8565B00F1CF22 /* PopularCocktailViewModel.swift */,
				B1C4EA1E29F59C76003995A4 /* PopularCocktailListView.swift */,
				B11C416429F898C5007BE73B /* PopularDetailView.swift */,
			);
			path = "Popular Cocktail";
			sourceTree = "<group>";
		};
/* End PBXGroup section */

/* Begin PBXNativeTarget section */
		B1C4EA1829F59C76003995A4 /* PersonalApp */ = {
			isa = PBXNativeTarget;
			buildConfigurationList = B1C4EA2729F59C78003995A4 /* Build configuration list for PBXNativeTarget "PersonalApp" */;
			buildPhases = (
				B1C4EA1529F59C76003995A4 /* Sources */,
				B1C4EA1629F59C76003995A4 /* Frameworks */,
				B1C4EA1729F59C76003995A4 /* Resources */,
			);
			buildRules = (
			);
			dependencies = (
			);
			name = PersonalApp;
			packageProductDependencies = (
				B116D47D29F8706D00F1CF22 /* FirebaseAuth */,
				B116D47F29F8706D00F1CF22 /* FirebaseFirestore */,
				B116D48129F8706D00F1CF22 /* FirebaseFirestoreSwift */,
				B116D48329F8706D00F1CF22 /* FirebaseStorage */,
			);
			productName = PersonalApp;
			productReference = B1C4EA1929F59C76003995A4 /* PersonalApp.app */;
			productType = "com.apple.product-type.application";
		};
/* End PBXNativeTarget section */

/* Begin PBXProject section */
		B1C4EA1129F59C76003995A4 /* Project object */ = {
			isa = PBXProject;
			attributes = {
				BuildIndependentTargetsInParallel = 1;
				LastSwiftUpdateCheck = 1430;
				LastUpgradeCheck = 1430;
				TargetAttributes = {
					B1C4EA1829F59C76003995A4 = {
						CreatedOnToolsVersion = 14.3;
					};
				};
			};
			buildConfigurationList = B1C4EA1429F59C76003995A4 /* Build configuration list for PBXProject "PersonalApp" */;
			compatibilityVersion = "Xcode 14.0";
			developmentRegion = en;
			hasScannedForEncodings = 0;
			knownRegions = (
				en,
				Base,
			);
			mainGroup = B1C4EA1029F59C76003995A4;
			packageReferences = (
				B116D47C29F8706D00F1CF22 /* XCRemoteSwiftPackageReference "firebase-ios-sdk" */,
			);
			productRefGroup = B1C4EA1A29F59C76003995A4 /* Products */;
			projectDirPath = "";
			projectRoot = "";
			targets = (
				B1C4EA1829F59C76003995A4 /* PersonalApp */,
			);
		};
/* End PBXProject section */

/* Begin PBXResourcesBuildPhase section */
		B1C4EA1729F59C76003995A4 /* Resources */ = {
			isa = PBXResourcesBuildPhase;
			buildActionMask = 2147483647;
			files = (
				B1C4EA2429F59C78003995A4 /* Preview Assets.xcassets in Resources */,
				B1C4EA2129F59C78003995A4 /* Assets.xcassets in Resources */,
				B116D47B29F86FEC00F1CF22 /* GoogleService-Info.plist in Resources */,
			);
			runOnlyForDeploymentPostprocessing = 0;
		};
/* End PBXResourcesBuildPhase section */

/* Begin PBXSourcesBuildPhase section */
		B1C4EA1529F59C76003995A4 /* Sources */ = {
			isa = PBXSourcesBuildPhase;
			buildActionMask = 2147483647;
			files = (
				B116D47129F8565B00F1CF22 /* PopularCocktailViewModel.swift in Sources */,
				B114A24629F8731000CD7E47 /* LoginView.swift in Sources */,
				B1FADB9C29FB5ED9007FE2F3 /* PhotoScrollView.swift in Sources */,
				B1FADB9E29FB5F10007FE2F3 /* PhotoView.swift in Sources */,
				B1C4EA1F29F59C76003995A4 /* PopularCocktailListView.swift in Sources */,
				B1BC098E29F9A9C70043B1C9 /* Cocktail.swift in Sources */,
				B1C4EA1D29F59C76003995A4 /* CocktailApp.swift in Sources */,
				B114A24F29F8883500CD7E47 /* PersonalDetailView.swift in Sources */,
				B1DA8E6129FB17B7007D0CD0 /* Photo.swift in Sources */,
				B114A24B29F8830C00CD7E47 /* PersonalCocktailListView.swift in Sources */,
				B1DA8E5F29FAEC8E007D0CD0 /* UnderageView.swift in Sources */,
				B116D47729F86DE400F1CF22 /* PersonalCocktail.swift in Sources */,
				B11C416329F88D24007BE73B /* PersonalCocktailViewModel.swift in Sources */,
				B161B0C829FAD70C0048855A /* AgeView.swift in Sources */,
				B11C416529F898C5007BE73B /* PopularDetailView.swift in Sources */,
			);
			runOnlyForDeploymentPostprocessing = 0;
		};
/* End PBXSourcesBuildPhase section */

/* Begin XCBuildConfiguration section */
		B1C4EA2529F59C78003995A4 /* Debug */ = {
			isa = XCBuildConfiguration;
			buildSettings = {
				ALWAYS_SEARCH_USER_PATHS = NO;
				CLANG_ANALYZER_NONNULL = YES;
				CLANG_ANALYZER_NUMBER_OBJECT_CONVERSION = YES_AGGRESSIVE;
				CLANG_CXX_LANGUAGE_STANDARD = "gnu++20";
				CLANG_ENABLE_MODULES = YES;
				CLANG_ENABLE_OBJC_ARC = YES;
				CLANG_ENABLE_OBJC_WEAK = YES;
				CLANG_WARN_BLOCK_CAPTURE_AUTORELEASING = YES;
				CLANG_WARN_BOOL_CONVERSION = YES;
				CLANG_WARN_COMMA = YES;
				CLANG_WARN_CONSTANT_CONVERSION = YES;
				CLANG_WARN_DEPRECATED_OBJC_IMPLEMENTATIONS = YES;
				CLANG_WARN_DIRECT_OBJC_ISA_USAGE = YES_ERROR;
				CLANG_WARN_DOCUMENTATION_COMMENTS = YES;
				CLANG_WARN_EMPTY_BODY = YES;
				CLANG_WARN_ENUM_CONVERSION = YES;
				CLANG_WARN_INFINITE_RECURSION = YES;
				CLANG_WARN_INT_CONVERSION = YES;
				CLANG_WARN_NON_LITERAL_NULL_CONVERSION = YES;
				CLANG_WARN_OBJC_IMPLICIT_RETAIN_SELF = YES;
				CLANG_WARN_OBJC_LITERAL_CONVERSION = YES;
				CLANG_WARN_OBJC_ROOT_CLASS = YES_ERROR;
				CLANG_WARN_QUOTED_INCLUDE_IN_FRAMEWORK_HEADER = YES;
				CLANG_WARN_RANGE_LOOP_ANALYSIS = YES;
				CLANG_WARN_STRICT_PROTOTYPES = YES;
				CLANG_WARN_SUSPICIOUS_MOVE = YES;
				CLANG_WARN_UNGUARDED_AVAILABILITY = YES_AGGRESSIVE;
				CLANG_WARN_UNREACHABLE_CODE = YES;
				CLANG_WARN__DUPLICATE_METHOD_MATCH = YES;
				COPY_PHASE_STRIP = NO;
				DEBUG_INFORMATION_FORMAT = dwarf;
				ENABLE_STRICT_OBJC_MSGSEND = YES;
				ENABLE_TESTABILITY = YES;
				GCC_C_LANGUAGE_STANDARD = gnu11;
				GCC_DYNAMIC_NO_PIC = NO;
				GCC_NO_COMMON_BLOCKS = YES;
				GCC_OPTIMIZATION_LEVEL = 0;
				GCC_PREPROCESSOR_DEFINITIONS = (
					"DEBUG=1",
					"$(inherited)",
				);
				GCC_WARN_64_TO_32_BIT_CONVERSION = YES;
				GCC_WARN_ABOUT_RETURN_TYPE = YES_ERROR;
				GCC_WARN_UNDECLARED_SELECTOR = YES;
				GCC_WARN_UNINITIALIZED_AUTOS = YES_AGGRESSIVE;
				GCC_WARN_UNUSED_FUNCTION = YES;
				GCC_WARN_UNUSED_VARIABLE = YES;
				IPHONEOS_DEPLOYMENT_TARGET = 16.4;
				MTL_ENABLE_DEBUG_INFO = INCLUDE_SOURCE;
				MTL_FAST_MATH = YES;
				ONLY_ACTIVE_ARCH = YES;
				SDKROOT = iphoneos;
				SWIFT_ACTIVE_COMPILATION_CONDITIONS = DEBUG;
				SWIFT_OPTIMIZATION_LEVEL = "-Onone";
			};
			name = Debug;
		};
		B1C4EA2629F59C78003995A4 /* Release */ = {
			isa = XCBuildConfiguration;
			buildSettings = {
				ALWAYS_SEARCH_USER_PATHS = NO;
				CLANG_ANALYZER_NONNULL = YES;
				CLANG_ANALYZER_NUMBER_OBJECT_CONVERSION = YES_AGGRESSIVE;
				CLANG_CXX_LANGUAGE_STANDARD = "gnu++20";
				CLANG_ENABLE_MODULES = YES;
				CLANG_ENABLE_OBJC_ARC = YES;
				CLANG_ENABLE_OBJC_WEAK = YES;
				CLANG_WARN_BLOCK_CAPTURE_AUTORELEASING = YES;
				CLANG_WARN_BOOL_CONVERSION = YES;
				CLANG_WARN_COMMA = YES;
				CLANG_WARN_CONSTANT_CONVERSION = YES;
				CLANG_WARN_DEPRECATED_OBJC_IMPLEMENTATIONS = YES;
				CLANG_WARN_DIRECT_OBJC_ISA_USAGE = YES_ERROR;
				CLANG_WARN_DOCUMENTATION_COMMENTS = YES;
				CLANG_WARN_EMPTY_BODY = YES;
				CLANG_WARN_ENUM_CONVERSION = YES;
				CLANG_WARN_INFINITE_RECURSION = YES;
				CLANG_WARN_INT_CONVERSION = YES;
				CLANG_WARN_NON_LITERAL_NULL_CONVERSION = YES;
				CLANG_WARN_OBJC_IMPLICIT_RETAIN_SELF = YES;
				CLANG_WARN_OBJC_LITERAL_CONVERSION = YES;
				CLANG_WARN_OBJC_ROOT_CLASS = YES_ERROR;
				CLANG_WARN_QUOTED_INCLUDE_IN_FRAMEWORK_HEADER = YES;
				CLANG_WARN_RANGE_LOOP_ANALYSIS = YES;
				CLANG_WARN_STRICT_PROTOTYPES = YES;
				CLANG_WARN_SUSPICIOUS_MOVE = YES;
				CLANG_WARN_UNGUARDED_AVAILABILITY = YES_AGGRESSIVE;
				CLANG_WARN_UNREACHABLE_CODE = YES;
				CLANG_WARN__DUPLICATE_METHOD_MATCH = YES;
				COPY_PHASE_STRIP = NO;
				DEBUG_INFORMATION_FORMAT = "dwarf-with-dsym";
				ENABLE_NS_ASSERTIONS = NO;
				ENABLE_STRICT_OBJC_MSGSEND = YES;
				GCC_C_LANGUAGE_STANDARD = gnu11;
				GCC_NO_COMMON_BLOCKS = YES;
				GCC_WARN_64_TO_32_BIT_CONVERSION = YES;
				GCC_WARN_ABOUT_RETURN_TYPE = YES_ERROR;
				GCC_WARN_UNDECLARED_SELECTOR = YES;
				GCC_WARN_UNINITIALIZED_AUTOS = YES_AGGRESSIVE;
				GCC_WARN_UNUSED_FUNCTION = YES;
				GCC_WARN_UNUSED_VARIABLE = YES;
				IPHONEOS_DEPLOYMENT_TARGET = 16.4;
				MTL_ENABLE_DEBUG_INFO = NO;
				MTL_FAST_MATH = YES;
				SDKROOT = iphoneos;
				SWIFT_COMPILATION_MODE = wholemodule;
				SWIFT_OPTIMIZATION_LEVEL = "-O";
				VALIDATE_PRODUCT = YES;
			};
			name = Release;
		};
		B1C4EA2829F59C78003995A4 /* Debug */ = {
			isa = XCBuildConfiguration;
			buildSettings = {
				ASSETCATALOG_COMPILER_APPICON_NAME = AppIcon;
				ASSETCATALOG_COMPILER_GLOBAL_ACCENT_COLOR_NAME = AccentColor;
				CODE_SIGN_STYLE = Automatic;
				CURRENT_PROJECT_VERSION = 1;
				DEVELOPMENT_ASSET_PATHS = "\"PersonalApp/Preview Content\"";
				DEVELOPMENT_TEAM = SA265W8Y35;
				ENABLE_PREVIEWS = YES;
				GENERATE_INFOPLIST_FILE = YES;
				INFOPLIST_KEY_UIApplicationSceneManifest_Generation = YES;
				INFOPLIST_KEY_UIApplicationSupportsIndirectInputEvents = YES;
				INFOPLIST_KEY_UILaunchScreen_Generation = YES;
				INFOPLIST_KEY_UISupportedInterfaceOrientations_iPad = "UIInterfaceOrientationPortrait UIInterfaceOrientationPortraitUpsideDown UIInterfaceOrientationLandscapeLeft UIInterfaceOrientationLandscapeRight";
				INFOPLIST_KEY_UISupportedInterfaceOrientations_iPhone = "UIInterfaceOrientationPortrait UIInterfaceOrientationLandscapeLeft UIInterfaceOrientationLandscapeRight";
				LD_RUNPATH_SEARCH_PATHS = (
					"$(inherited)",
					"@executable_path/Frameworks",
				);
				MARKETING_VERSION = 1.0;
				PRODUCT_BUNDLE_IDENTIFIER = com.stewart.PersonalApp;
				PRODUCT_NAME = "$(TARGET_NAME)";
				SWIFT_EMIT_LOC_STRINGS = YES;
				SWIFT_VERSION = 5.0;
				TARGETED_DEVICE_FAMILY = "1,2";
			};
			name = Debug;
		};
		B1C4EA2929F59C78003995A4 /* Release */ = {
			isa = XCBuildConfiguration;
			buildSettings = {
				ASSETCATALOG_COMPILER_APPICON_NAME = AppIcon;
				ASSETCATALOG_COMPILER_GLOBAL_ACCENT_COLOR_NAME = AccentColor;
				CODE_SIGN_STYLE = Automatic;
				CURRENT_PROJECT_VERSION = 1;
				DEVELOPMENT_ASSET_PATHS = "\"PersonalApp/Preview Content\"";
				DEVELOPMENT_TEAM = SA265W8Y35;
				ENABLE_PREVIEWS = YES;
				GENERATE_INFOPLIST_FILE = YES;
				INFOPLIST_KEY_UIApplicationSceneManifest_Generation = YES;
				INFOPLIST_KEY_UIApplicationSupportsIndirectInputEvents = YES;
				INFOPLIST_KEY_UILaunchScreen_Generation = YES;
				INFOPLIST_KEY_UISupportedInterfaceOrientations_iPad = "UIInterfaceOrientationPortrait UIInterfaceOrientationPortraitUpsideDown UIInterfaceOrientationLandscapeLeft UIInterfaceOrientationLandscapeRight";
				INFOPLIST_KEY_UISupportedInterfaceOrientations_iPhone = "UIInterfaceOrientationPortrait UIInterfaceOrientationLandscapeLeft UIInterfaceOrientationLandscapeRight";
				LD_RUNPATH_SEARCH_PATHS = (
					"$(inherited)",
					"@executable_path/Frameworks",
				);
				MARKETING_VERSION = 1.0;
				PRODUCT_BUNDLE_IDENTIFIER = com.stewart.PersonalApp;
				PRODUCT_NAME = "$(TARGET_NAME)";
				SWIFT_EMIT_LOC_STRINGS = YES;
				SWIFT_VERSION = 5.0;
				TARGETED_DEVICE_FAMILY = "1,2";
			};
			name = Release;
		};
/* End XCBuildConfiguration section */

/* Begin XCConfigurationList section */
		B1C4EA1429F59C76003995A4 /* Build configuration list for PBXProject "PersonalApp" */ = {
			isa = XCConfigurationList;
			buildConfigurations = (
				B1C4EA2529F59C78003995A4 /* Debug */,
				B1C4EA2629F59C78003995A4 /* Release */,
			);
			defaultConfigurationIsVisible = 0;
			defaultConfigurationName = Release;
		};
		B1C4EA2729F59C78003995A4 /* Build configuration list for PBXNativeTarget "PersonalApp" */ = {
			isa = XCConfigurationList;
			buildConfigurations = (
				B1C4EA2829F59C78003995A4 /* Debug */,
				B1C4EA2929F59C78003995A4 /* Release */,
			);
			defaultConfigurationIsVisible = 0;
			defaultConfigurationName = Release;
		};
/* End XCConfigurationList section */

/* Begin XCRemoteSwiftPackageReference section */
		B116D47C29F8706D00F1CF22 /* XCRemoteSwiftPackageReference "firebase-ios-sdk" */ = {
			isa = XCRemoteSwiftPackageReference;
			repositoryURL = "https://github.com/firebase/firebase-ios-sdk.git";
			requirement = {
				kind = upToNextMajorVersion;
				minimumVersion = 10.0.0;
			};
		};
/* End XCRemoteSwiftPackageReference section */

/* Begin XCSwiftPackageProductDependency section */
		B116D47D29F8706D00F1CF22 /* FirebaseAuth */ = {
			isa = XCSwiftPackageProductDependency;
			package = B116D47C29F8706D00F1CF22 /* XCRemoteSwiftPackageReference "firebase-ios-sdk" */;
			productName = FirebaseAuth;
		};
		B116D47F29F8706D00F1CF22 /* FirebaseFirestore */ = {
			isa = XCSwiftPackageProductDependency;
			package = B116D47C29F8706D00F1CF22 /* XCRemoteSwiftPackageReference "firebase-ios-sdk" */;
			productName = FirebaseFirestore;
		};
		B116D48129F8706D00F1CF22 /* FirebaseFirestoreSwift */ = {
			isa = XCSwiftPackageProductDependency;
			package = B116D47C29F8706D00F1CF22 /* XCRemoteSwiftPackageReference "firebase-ios-sdk" */;
			productName = FirebaseFirestoreSwift;
		};
		B116D48329F8706D00F1CF22 /* FirebaseStorage */ = {
			isa = XCSwiftPackageProductDependency;
			package = B116D47C29F8706D00F1CF22 /* XCRemoteSwiftPackageReference "firebase-ios-sdk" */;
			productName = FirebaseStorage;
		};
/* End XCSwiftPackageProductDependency section */
	};
	rootObject = B1C4EA1129F59C76003995A4 /* Project object */;
}
